
Microsoft Visual Studio Solution File, Format Version 12.00
# Visual Studio 2012
Project("{FAE04EC0-301F-11D3-BF4B-00C04F79EFBC}") = "VimAddin", "VimAddin\VimAddin.csproj", "{775E978B-2C7E-4A27-A708-BBC685E5D567}"
EndProject
Global
	GlobalSection(SolutionConfigurationPlatforms) = preSolution
		Debug|Any CPU = Debug|Any CPU
		Release|Any CPU = Release|Any CPU
	EndGlobalSection
	GlobalSection(ProjectConfigurationPlatforms) = postSolution
		{775E978B-2C7E-4A27-A708-BBC685E5D567}.Debug|Any CPU.ActiveCfg = Debug|Any CPU
		{775E978B-2C7E-4A27-A708-BBC685E5D567}.Debug|Any CPU.Build.0 = Debug|Any CPU
		{775E978B-2C7E-4A27-A708-BBC685E5D567}.Release|Any CPU.ActiveCfg = Release|Any CPU
		{775E978B-2C7E-4A27-A708-BBC685E5D567}.Release|Any CPU.Build.0 = Release|Any CPU
	EndGlobalSection
	GlobalSection(MonoDevelopProperties) = preSolution
		StartupItem = VimAddin\VimAddin.csproj
	EndGlobalSection
EndGlobal
